
Microsoft Visual Studio Solution File, Format Version 12.00
# Visual Studio 2013
VisualStudioVersion = 12.0.40629.0
MinimumVisualStudioVersion = 10.0.40219.1
Project("{FAE04EC0-301F-11D3-BF4B-00C04F79EFBC}") = "DockPanel", "DockPanel\DockPanel.csproj", "{D4E0FFD5-A3D9-4C63-90B9-2347C6D8CDCE}"
EndProject
Global
	GlobalSection(SolutionConfigurationPlatforms) = preSolution
		Debug|Any CPU = Debug|Any CPU
		Release|Any CPU = Release|Any CPU
	EndGlobalSection
	GlobalSection(ProjectConfigurationPlatforms) = postSolution
		{D4E0FFD5-A3D9-4C63-90B9-2347C6D8CDCE}.Debug|Any CPU.ActiveCfg = Debug|Any CPU
		{D4E0FFD5-A3D9-4C63-90B9-2347C6D8CDCE}.Debug|Any CPU.Build.0 = Debug|Any CPU
		{D4E0FFD5-A3D9-4C63-90B9-2347C6D8CDCE}.Release|Any CPU.ActiveCfg = Release|Any CPU
		{D4E0FFD5-A3D9-4C63-90B9-2347C6D8CDCE}.Release|Any CPU.Build.0 = Release|Any CPU
	EndGlobalSection
	GlobalSection(SolutionProperties) = preSolution
		HideSolutionNode = FALSE
	EndGlobalSection
EndGlobal
